// !$*UTF8*$!
{
	archiveVersion = 1;
	classes = {
	};
	objectVersion = 46;
	objects = {

/* Begin PBXBuildFile section */
		0E1415EA1CA35CC600C45987 /* AppDelegate.swift in Sources */ = {isa = PBXBuildFile; fileRef = 0E1415E91CA35CC600C45987 /* AppDelegate.swift */; };
		0E1415EC1CA35CC600C45987 /* ViewController.swift in Sources */ = {isa = PBXBuildFile; fileRef = 0E1415EB1CA35CC600C45987 /* ViewController.swift */; };
		0E1415EF1CA35CC600C45987 /* Main.storyboard in Resources */ = {isa = PBXBuildFile; fileRef = 0E1415ED1CA35CC600C45987 /* Main.storyboard */; };
		0E1415F11CA35CC600C45987 /* Assets.xcassets in Resources */ = {isa = PBXBuildFile; fileRef = 0E1415F01CA35CC600C45987 /* Assets.xcassets */; };
		0E1415F41CA35CC600C45987 /* LaunchScreen.storyboard in Resources */ = {isa = PBXBuildFile; fileRef = 0E1415F21CA35CC600C45987 /* LaunchScreen.storyboard */; };
		0EA3DF391CA5E84100352E2D /* pokemon.csv in Resources */ = {isa = PBXBuildFile; fileRef = 0EA3DF381CA5E84100352E2D /* pokemon.csv */; };
		0EA3DF3E1CA5EC4200352E2D /* Pokemon.swift in Sources */ = {isa = PBXBuildFile; fileRef = 0EA3DF3D1CA5EC4200352E2D /* Pokemon.swift */; };
		0EA3DF401CA5F47400352E2D /* PokeCell.swift in Sources */ = {isa = PBXBuildFile; fileRef = 0EA3DF3F1CA5F47400352E2D /* PokeCell.swift */; };
		0EA3DF421CA60BB400352E2D /* csv.swift in Sources */ = {isa = PBXBuildFile; fileRef = 0EA3DF411CA60BB400352E2D /* csv.swift */; };
/* End PBXBuildFile section */

/* Begin PBXFileReference section */
		0E1415E61CA35CC600C45987 /* pokedex.app */ = {isa = PBXFileReference; explicitFileType = wrapper.application; includeInIndex = 0; path = pokedex.app; sourceTree = BUILT_PRODUCTS_DIR; };
		0E1415E91CA35CC600C45987 /* AppDelegate.swift */ = {isa = PBXFileReference; lastKnownFileType = sourcecode.swift; path = AppDelegate.swift; sourceTree = "<group>"; };
		0E1415EB1CA35CC600C45987 /* ViewController.swift */ = {isa = PBXFileReference; lastKnownFileType = sourcecode.swift; path = ViewController.swift; sourceTree = "<group>"; };
		0E1415EE1CA35CC600C45987 /* Base */ = {isa = PBXFileReference; lastKnownFileType = file.storyboard; name = Base; path = Base.lproj/Main.storyboard; sourceTree = "<group>"; };
		0E1415F01CA35CC600C45987 /* Assets.xcassets */ = {isa = PBXFileReference; lastKnownFileType = folder.assetcatalog; path = Assets.xcassets; sourceTree = "<group>"; };
		0E1415F31CA35CC600C45987 /* Base */ = {isa = PBXFileReference; lastKnownFileType = file.storyboard; name = Base; path = Base.lproj/LaunchScreen.storyboard; sourceTree = "<group>"; };
		0E1415F51CA35CC600C45987 /* Info.plist */ = {isa = PBXFileReference; lastKnownFileType = text.plist.xml; path = Info.plist; sourceTree = "<group>"; };
		0EA3DF381CA5E84100352E2D /* pokemon.csv */ = {isa = PBXFileReference; fileEncoding = 4; lastKnownFileType = text; path = pokemon.csv; sourceTree = "<group>"; };
		0EA3DF3D1CA5EC4200352E2D /* Pokemon.swift */ = {isa = PBXFileReference; fileEncoding = 4; lastKnownFileType = sourcecode.swift; path = Pokemon.swift; sourceTree = "<group>"; };
		0EA3DF3F1CA5F47400352E2D /* PokeCell.swift */ = {isa = PBXFileReference; fileEncoding = 4; lastKnownFileType = sourcecode.swift; path = PokeCell.swift; sourceTree = "<group>"; };
		0EA3DF411CA60BB400352E2D /* csv.swift */ = {isa = PBXFileReference; fileEncoding = 4; lastKnownFileType = sourcecode.swift; path = csv.swift; sourceTree = "<group>"; };
/* End PBXFileReference section */

/* Begin PBXFrameworksBuildPhase section */
		0E1415E31CA35CC600C45987 /* Frameworks */ = {
			isa = PBXFrameworksBuildPhase;
			buildActionMask = 2147483647;
			files = (
			);
			runOnlyForDeploymentPostprocessing = 0;
		};
/* End PBXFrameworksBuildPhase section */

/* Begin PBXGroup section */
		0E1415DD1CA35CC600C45987 = {
			isa = PBXGroup;
			children = (
				0E1415E81CA35CC600C45987 /* pokedex */,
				0E1415E71CA35CC600C45987 /* Products */,
			);
			sourceTree = "<group>";
		};
		0E1415E71CA35CC600C45987 /* Products */ = {
			isa = PBXGroup;
			children = (
				0E1415E61CA35CC600C45987 /* pokedex.app */,
			);
			name = Products;
			sourceTree = "<group>";
		};
		0E1415E81CA35CC600C45987 /* pokedex */ = {
			isa = PBXGroup;
			children = (
				0EA3DF3A1CA5EC1200352E2D /* Model */,
				0EA3DF3B1CA5EC1C00352E2D /* View */,
				0EA3DF3C1CA5EC2200352E2D /* Controller */,
				0EA3DF431CA60BC900352E2D /* Util */,
				0EA3DF441CA60BE400352E2D /* Resources */,
				0E1415E91CA35CC600C45987 /* AppDelegate.swift */,
				0E1415ED1CA35CC600C45987 /* Main.storyboard */,
				0E1415F01CA35CC600C45987 /* Assets.xcassets */,
				0E1415F21CA35CC600C45987 /* LaunchScreen.storyboard */,
				0E1415F51CA35CC600C45987 /* Info.plist */,
			);
			path = pokedex;
			sourceTree = "<group>";
		};
		0EA3DF3A1CA5EC1200352E2D /* Model */ = {
			isa = PBXGroup;
			children = (
				0EA3DF3D1CA5EC4200352E2D /* Pokemon.swift */,
			);
			name = Model;
			sourceTree = "<group>";
		};
		0EA3DF3B1CA5EC1C00352E2D /* View */ = {
			isa = PBXGroup;
			children = (
				0EA3DF3F1CA5F47400352E2D /* PokeCell.swift */,
			);
			name = View;
			sourceTree = "<group>";
		};
		0EA3DF3C1CA5EC2200352E2D /* Controller */ = {
			isa = PBXGroup;
			children = (
				0E1415EB1CA35CC600C45987 /* ViewController.swift */,
			);
			name = Controller;
			sourceTree = "<group>";
		};
		0EA3DF431CA60BC900352E2D /* Util */ = {
			isa = PBXGroup;
			children = (
				0EA3DF411CA60BB400352E2D /* csv.swift */,
			);
			name = Util;
			sourceTree = "<group>";
		};
		0EA3DF441CA60BE400352E2D /* Resources */ = {
			isa = PBXGroup;
			children = (
				0EA3DF381CA5E84100352E2D /* pokemon.csv */,
			);
			name = Resources;
			sourceTree = "<group>";
		};
/* End PBXGroup section */

/* Begin PBXNativeTarget section */
		0E1415E51CA35CC600C45987 /* pokedex */ = {
			isa = PBXNativeTarget;
			buildConfigurationList = 0E1415F81CA35CC600C45987 /* Build configuration list for PBXNativeTarget "pokedex" */;
			buildPhases = (
				0E1415E21CA35CC600C45987 /* Sources */,
				0E1415E31CA35CC600C45987 /* Frameworks */,
				0E1415E41CA35CC600C45987 /* Resources */,
			);
			buildRules = (
			);
			dependencies = (
			);
			name = pokedex;
			productName = pokedex;
			productReference = 0E1415E61CA35CC600C45987 /* pokedex.app */;
			productType = "com.apple.product-type.application";
		};
/* End PBXNativeTarget section */

/* Begin PBXProject section */
		0E1415DE1CA35CC600C45987 /* Project object */ = {
			isa = PBXProject;
			attributes = {
				LastSwiftUpdateCheck = 0730;
				LastUpgradeCheck = 0730;
				ORGANIZATIONNAME = "Chase McElroy";
				TargetAttributes = {
					0E1415E51CA35CC600C45987 = {
						CreatedOnToolsVersion = 7.3;
					};
				};
			};
			buildConfigurationList = 0E1415E11CA35CC600C45987 /* Build configuration list for PBXProject "pokedex" */;
			compatibilityVersion = "Xcode 3.2";
			developmentRegion = English;
			hasScannedForEncodings = 0;
			knownRegions = (
				en,
				Base,
			);
			mainGroup = 0E1415DD1CA35CC600C45987;
			productRefGroup = 0E1415E71CA35CC600C45987 /* Products */;
			projectDirPath = "";
			projectRoot = "";
			targets = (
				0E1415E51CA35CC600C45987 /* pokedex */,
			);
		};
/* End PBXProject section */

/* Begin PBXResourcesBuildPhase section */
		0E1415E41CA35CC600C45987 /* Resources */ = {
			isa = PBXResourcesBuildPhase;
			buildActionMask = 2147483647;
			files = (
				0E1415F41CA35CC600C45987 /* LaunchScreen.storyboard in Resources */,
				0E1415F11CA35CC600C45987 /* Assets.xcassets in Resources */,
				0EA3DF391CA5E84100352E2D /* pokemon.csv in Resources */,
				0E1415EF1CA35CC600C45987 /* Main.storyboard in Resources */,
			);
			runOnlyForDeploymentPostprocessing = 0;
		};
/* End PBXResourcesBuildPhase section */

/* Begin PBXSourcesBuildPhase section */
		0E1415E21CA35CC600C45987 /* Sources */ = {
			isa = PBXSourcesBuildPhase;
			buildActionMask = 2147483647;
			files = (
				0EA3DF401CA5F47400352E2D /* PokeCell.swift in Sources */,
				0E1415EC1CA35CC600C45987 /* ViewController.swift in Sources */,
				0E1415EA1CA35CC600C45987 /* AppDelegate.swift in Sources */,
				0EA3DF3E1CA5EC4200352E2D /* Pokemon.swift in Sources */,
				0EA3DF421CA60BB400352E2D /* csv.swift in Sources */,
			);
			runOnlyForDeploymentPostprocessing = 0;
		};
/* End PBXSourcesBuildPhase section */

/* Begin PBXVariantGroup section */
		0E1415ED1CA35CC600C45987 /* Main.storyboard */ = {
			isa = PBXVariantGroup;
			children = (
				0E1415EE1CA35CC600C45987 /* Base */,
			);
			name = Main.storyboard;
			sourceTree = "<group>";
		};
		0E1415F21CA35CC600C45987 /* LaunchScreen.storyboard */ = {
			isa = PBXVariantGroup;
			children = (
				0E1415F31CA35CC600C45987 /* Base */,
			);
			name = LaunchScreen.storyboard;
			sourceTree = "<group>";
		};
/* End PBXVariantGroup section */

/* Begin XCBuildConfiguration section */
		0E1415F61CA35CC600C45987 /* Debug */ = {
			isa = XCBuildConfiguration;
			buildSettings = {
				ALWAYS_SEARCH_USER_PATHS = NO;
				CLANG_ANALYZER_NONNULL = YES;
				CLANG_CXX_LANGUAGE_STANDARD = "gnu++0x";
				CLANG_CXX_LIBRARY = "libc++";
				CLANG_ENABLE_MODULES = YES;
				CLANG_ENABLE_OBJC_ARC = YES;
				CLANG_WARN_BOOL_CONVERSION = YES;
				CLANG_WARN_CONSTANT_CONVERSION = YES;
				CLANG_WARN_DIRECT_OBJC_ISA_USAGE = YES_ERROR;
				CLANG_WARN_EMPTY_BODY = YES;
				CLANG_WARN_ENUM_CONVERSION = YES;
				CLANG_WARN_INT_CONVERSION = YES;
				CLANG_WARN_OBJC_ROOT_CLASS = YES_ERROR;
				CLANG_WARN_UNREACHABLE_CODE = YES;
				CLANG_WARN__DUPLICATE_METHOD_MATCH = YES;
				"CODE_SIGN_IDENTITY[sdk=iphoneos*]" = "iPhone Developer";
				COPY_PHASE_STRIP = NO;
				DEBUG_INFORMATION_FORMAT = dwarf;
				ENABLE_STRICT_OBJC_MSGSEND = YES;
				ENABLE_TESTABILITY = YES;
				GCC_C_LANGUAGE_STANDARD = gnu99;
				GCC_DYNAMIC_NO_PIC = NO;
				GCC_NO_COMMON_BLOCKS = YES;
				GCC_OPTIMIZATION_LEVEL = 0;
				GCC_PREPROCESSOR_DEFINITIONS = (
					"DEBUG=1",
					"$(inherited)",
				);
				GCC_WARN_64_TO_32_BIT_CONVERSION = YES;
				GCC_WARN_ABOUT_RETURN_TYPE = YES_ERROR;
				GCC_WARN_UNDECLARED_SELECTOR = YES;
				GCC_WARN_UNINITIALIZED_AUTOS = YES_AGGRESSIVE;
				GCC_WARN_UNUSED_FUNCTION = YES;
				GCC_WARN_UNUSED_VARIABLE = YES;
				IPHONEOS_DEPLOYMENT_TARGET = 9.3;
				MTL_ENABLE_DEBUG_INFO = YES;
				ONLY_ACTIVE_ARCH = YES;
				SDKROOT = iphoneos;
				SWIFT_OPTIMIZATION_LEVEL = "-Onone";
				TARGETED_DEVICE_FAMILY = "1,2";
			};
			name = Debug;
		};
		0E1415F71CA35CC600C45987 /* Release */ = {
			isa = XCBuildConfiguration;
			buildSettings = {
				ALWAYS_SEARCH_USER_PATHS = NO;
				CLANG_ANALYZER_NONNULL = YES;
				CLANG_CXX_LANGUAGE_STANDARD = "gnu++0x";
				CLANG_CXX_LIBRARY = "libc++";
				CLANG_ENABLE_MODULES = YES;
				CLANG_ENABLE_OBJC_ARC = YES;
				CLANG_WARN_BOOL_CONVERSION = YES;
				CLANG_WARN_CONSTANT_CONVERSION = YES;
				CLANG_WARN_DIRECT_OBJC_ISA_USAGE = YES_ERROR;
				CLANG_WARN_EMPTY_BODY = YES;
				CLANG_WARN_ENUM_CONVERSION = YES;
				CLANG_WARN_INT_CONVERSION = YES;
				CLANG_WARN_OBJC_ROOT_CLASS = YES_ERROR;
				CLANG_WARN_UNREACHABLE_CODE = YES;
				CLANG_WARN__DUPLICATE_METHOD_MATCH = YES;
				"CODE_SIGN_IDENTITY[sdk=iphoneos*]" = "iPhone Developer";
				COPY_PHASE_STRIP = NO;
				DEBUG_INFORMATION_FORMAT = "dwarf-with-dsym";
				ENABLE_NS_ASSERTIONS = NO;
				ENABLE_STRICT_OBJC_MSGSEND = YES;
				GCC_C_LANGUAGE_STANDARD = gnu99;
				GCC_NO_COMMON_BLOCKS = YES;
				GCC_WARN_64_TO_32_BIT_CONVERSION = YES;
				GCC_WARN_ABOUT_RETURN_TYPE = YES_ERROR;
				GCC_WARN_UNDECLARED_SELECTOR = YES;
				GCC_WARN_UNINITIALIZED_AUTOS = YES_AGGRESSIVE;
				GCC_WARN_UNUSED_FUNCTION = YES;
				GCC_WARN_UNUSED_VARIABLE = YES;
				IPHONEOS_DEPLOYMENT_TARGET = 9.3;
				MTL_ENABLE_DEBUG_INFO = NO;
				SDKROOT = iphoneos;
				TARGETED_DEVICE_FAMILY = "1,2";
				VALIDATE_PRODUCT = YES;
			};
			name = Release;
		};
		0E1415F91CA35CC600C45987 /* Debug */ = {
			isa = XCBuildConfiguration;
			buildSettings = {
				ASSETCATALOG_COMPILER_APPICON_NAME = AppIcon;
				INFOPLIST_FILE = pokedex/Info.plist;
				LD_RUNPATH_SEARCH_PATHS = "$(inherited) @executable_path/Frameworks";
				PRODUCT_BUNDLE_IDENTIFIER = lt.chase.pokedex;
				PRODUCT_NAME = "$(TARGET_NAME)";
			};
			name = Debug;
		};
		0E1415FA1CA35CC600C45987 /* Release */ = {
			isa = XCBuildConfiguration;
			buildSettings = {
				ASSETCATALOG_COMPILER_APPICON_NAME = AppIcon;
				INFOPLIST_FILE = pokedex/Info.plist;
				LD_RUNPATH_SEARCH_PATHS = "$(inherited) @executable_path/Frameworks";
				PRODUCT_BUNDLE_IDENTIFIER = lt.chase.pokedex;
				PRODUCT_NAME = "$(TARGET_NAME)";
			};
			name = Release;
		};
/* End XCBuildConfiguration section */

/* Begin XCConfigurationList section */
		0E1415E11CA35CC600C45987 /* Build configuration list for PBXProject "pokedex" */ = {
			isa = XCConfigurationList;
			buildConfigurations = (
				0E1415F61CA35CC600C45987 /* Debug */,
				0E1415F71CA35CC600C45987 /* Release */,
			);
			defaultConfigurationIsVisible = 0;
			defaultConfigurationName = Release;
		};
		0E1415F81CA35CC600C45987 /* Build configuration list for PBXNativeTarget "pokedex" */ = {
			isa = XCConfigurationList;
			buildConfigurations = (
				0E1415F91CA35CC600C45987 /* Debug */,
				0E1415FA1CA35CC600C45987 /* Release */,
			);
			defaultConfigurationIsVisible = 0;
			defaultConfigurationName = Release;
		};
/* End XCConfigurationList section */
	};
	rootObject = 0E1415DE1CA35CC600C45987 /* Project object */;
}
